// !$*UTF8*$!
{
	archiveVersion = 1;
	classes = {
	};
	objectVersion = 77;
	objects = {

/* Begin PBXContainerItemProxy section */
		15A5321D2CA67FA6000120C5 /* PBXContainerItemProxy */ = {
			isa = PBXContainerItemProxy;
			containerPortal = 15A532042CA67FA4000120C5 /* Project object */;
			proxyType = 1;
			remoteGlobalIDString = 15A5320B2CA67FA4000120C5;
			remoteInfo = md_swift_practice;
		};
		15A532272CA67FA6000120C5 /* PBXContainerItemProxy */ = {
			isa = PBXContainerItemProxy;
			containerPortal = 15A532042CA67FA4000120C5 /* Project object */;
			proxyType = 1;
			remoteGlobalIDString = 15A5320B2CA67FA4000120C5;
			remoteInfo = md_swift_practice;
		};
/* End PBXContainerItemProxy section */

/* Begin PBXFileReference section */
		15A5320C2CA67FA4000120C5 /* md_swift_practice.app */ = {isa = PBXFileReference; explicitFileType = wrapper.application; includeInIndex = 0; path = md_swift_practice.app; sourceTree = BUILT_PRODUCTS_DIR; };
		15A5321C2CA67FA6000120C5 /* md_swift_practiceTests.xctest */ = {isa = PBXFileReference; explicitFileType = wrapper.cfbundle; includeInIndex = 0; path = md_swift_practiceTests.xctest; sourceTree = BUILT_PRODUCTS_DIR; };
		15A532262CA67FA6000120C5 /* md_swift_practiceUITests.xctest */ = {isa = PBXFileReference; explicitFileType = wrapper.cfbundle; includeInIndex = 0; path = md_swift_practiceUITests.xctest; sourceTree = BUILT_PRODUCTS_DIR; };
/* End PBXFileReference section */

/* Begin PBXFileSystemSynchronizedRootGroup section */
		15A5320E2CA67FA4000120C5 /* md_swift_practice */ = {
			isa = PBXFileSystemSynchronizedRootGroup;
			path = md_swift_practice;
			sourceTree = "<group>";
		};
		15A5321F2CA67FA6000120C5 /* md_swift_practiceTests */ = {
			isa = PBXFileSystemSynchronizedRootGroup;
			path = md_swift_practiceTests;
			sourceTree = "<group>";
		};
		15A532292CA67FA6000120C5 /* md_swift_practiceUITests */ = {
			isa = PBXFileSystemSynchronizedRootGroup;
			path = md_swift_practiceUITests;
			sourceTree = "<group>";
		};
/* End PBXFileSystemSynchronizedRootGroup section */

/* Begin PBXFrameworksBuildPhase section */
		15A532092CA67FA4000120C5 /* Frameworks */ = {
			isa = PBXFrameworksBuildPhase;
			buildActionMask = 2147483647;
			files = (
			);
			runOnlyForDeploymentPostprocessing = 0;
		};
		15A532192CA67FA6000120C5 /* Frameworks */ = {
			isa = PBXFrameworksBuildPhase;
			buildActionMask = 2147483647;
			files = (
			);
			runOnlyForDeploymentPostprocessing = 0;
		};
		15A532232CA67FA6000120C5 /* Frameworks */ = {
			isa = PBXFrameworksBuildPhase;
			buildActionMask = 2147483647;
			files = (
			);
			runOnlyForDeploymentPostprocessing = 0;
		};
/* End PBXFrameworksBuildPhase section */

/* Begin PBXGroup section */
		15A532032CA67FA4000120C5 = {
			isa = PBXGroup;
			children = (
				15A5320E2CA67FA4000120C5 /* md_swift_practice */,
				15A5321F2CA67FA6000120C5 /* md_swift_practiceTests */,
				15A532292CA67FA6000120C5 /* md_swift_practiceUITests */,
				15A5320D2CA67FA4000120C5 /* Products */,
			);
			sourceTree = "<group>";
		};
		15A5320D2CA67FA4000120C5 /* Products */ = {
			isa = PBXGroup;
			children = (
				15A5320C2CA67FA4000120C5 /* md_swift_practice.app */,
				15A5321C2CA67FA6000120C5 /* md_swift_practiceTests.xctest */,
				15A532262CA67FA6000120C5 /* md_swift_practiceUITests.xctest */,
			);
			name = Products;
			sourceTree = "<group>";
		};
/* End PBXGroup section */

/* Begin PBXNativeTarget section */
		15A5320B2CA67FA4000120C5 /* md_swift_practice */ = {
			isa = PBXNativeTarget;
			buildConfigurationList = 15A532302CA67FA6000120C5 /* Build configuration list for PBXNativeTarget "md_swift_practice" */;
			buildPhases = (
				15A532082CA67FA4000120C5 /* Sources */,
				15A532092CA67FA4000120C5 /* Frameworks */,
				15A5320A2CA67FA4000120C5 /* Resources */,
			);
			buildRules = (
			);
			dependencies = (
			);
			fileSystemSynchronizedGroups = (
				15A5320E2CA67FA4000120C5 /* md_swift_practice */,
			);
			name = md_swift_practice;
			packageProductDependencies = (
			);
			productName = md_swift_practice;
			productReference = 15A5320C2CA67FA4000120C5 /* md_swift_practice.app */;
			productType = "com.apple.product-type.application";
		};
		15A5321B2CA67FA6000120C5 /* md_swift_practiceTests */ = {
			isa = PBXNativeTarget;
			buildConfigurationList = 15A532332CA67FA6000120C5 /* Build configuration list for PBXNativeTarget "md_swift_practiceTests" */;
			buildPhases = (
				15A532182CA67FA6000120C5 /* Sources */,
				15A532192CA67FA6000120C5 /* Frameworks */,
				15A5321A2CA67FA6000120C5 /* Resources */,
			);
			buildRules = (
			);
			dependencies = (
				15A5321E2CA67FA6000120C5 /* PBXTargetDependency */,
			);
			fileSystemSynchronizedGroups = (
				15A5321F2CA67FA6000120C5 /* md_swift_practiceTests */,
			);
			name = md_swift_practiceTests;
			packageProductDependencies = (
			);
			productName = md_swift_practiceTests;
			productReference = 15A5321C2CA67FA6000120C5 /* md_swift_practiceTests.xctest */;
			productType = "com.apple.product-type.bundle.unit-test";
		};
		15A532252CA67FA6000120C5 /* md_swift_practiceUITests */ = {
			isa = PBXNativeTarget;
			buildConfigurationList = 15A532362CA67FA6000120C5 /* Build configuration list for PBXNativeTarget "md_swift_practiceUITests" */;
			buildPhases = (
				15A532222CA67FA6000120C5 /* Sources */,
				15A532232CA67FA6000120C5 /* Frameworks */,
				15A532242CA67FA6000120C5 /* Resources */,
			);
			buildRules = (
			);
			dependencies = (
				15A532282CA67FA6000120C5 /* PBXTargetDependency */,
			);
			fileSystemSynchronizedGroups = (
				15A532292CA67FA6000120C5 /* md_swift_practiceUITests */,
			);
			name = md_swift_practiceUITests;
			packageProductDependencies = (
			);
			productName = md_swift_practiceUITests;
			productReference = 15A532262CA67FA6000120C5 /* md_swift_practiceUITests.xctest */;
			productType = "com.apple.product-type.bundle.ui-testing";
		};
/* End PBXNativeTarget section */

/* Begin PBXProject section */
		15A532042CA67FA4000120C5 /* Project object */ = {
			isa = PBXProject;
			attributes = {
				BuildIndependentTargetsInParallel = 1;
				LastSwiftUpdateCheck = 1600;
				LastUpgradeCheck = 1600;
				TargetAttributes = {
					15A5320B2CA67FA4000120C5 = {
						CreatedOnToolsVersion = 16.0;
					};
					15A5321B2CA67FA6000120C5 = {
						CreatedOnToolsVersion = 16.0;
						TestTargetID = 15A5320B2CA67FA4000120C5;
					};
					15A532252CA67FA6000120C5 = {
						CreatedOnToolsVersion = 16.0;
						TestTargetID = 15A5320B2CA67FA4000120C5;
					};
				};
			};
			buildConfigurationList = 15A532072CA67FA4000120C5 /* Build configuration list for PBXProject "md_swift_practice" */;
			developmentRegion = en;
			hasScannedForEncodings = 0;
			knownRegions = (
				en,
				Base,
			);
			mainGroup = 15A532032CA67FA4000120C5;
			minimizedProjectReferenceProxies = 1;
			preferredProjectObjectVersion = 77;
			productRefGroup = 15A5320D2CA67FA4000120C5 /* Products */;
			projectDirPath = "";
			projectRoot = "";
			targets = (
				15A5320B2CA67FA4000120C5 /* md_swift_practice */,
				15A5321B2CA67FA6000120C5 /* md_swift_practiceTests */,
				15A532252CA67FA6000120C5 /* md_swift_practiceUITests */,
			);
		};
/* End PBXProject section */

/* Begin PBXResourcesBuildPhase section */
		15A5320A2CA67FA4000120C5 /* Resources */ = {
			isa = PBXResourcesBuildPhase;
			buildActionMask = 2147483647;
			files = (
			);
			runOnlyForDeploymentPostprocessing = 0;
		};
		15A5321A2CA67FA6000120C5 /* Resources */ = {
			isa = PBXResourcesBuildPhase;
			buildActionMask = 2147483647;
			files = (
			);
			runOnlyForDeploymentPostprocessing = 0;
		};
		15A532242CA67FA6000120C5 /* Resources */ = {
			isa = PBXResourcesBuildPhase;
			buildActionMask = 2147483647;
			files = (
			);
			runOnlyForDeploymentPostprocessing = 0;
		};
/* End PBXResourcesBuildPhase section */

/* Begin PBXSourcesBuildPhase section */
		15A532082CA67FA4000120C5 /* Sources */ = {
			isa = PBXSourcesBuildPhase;
			buildActionMask = 2147483647;
			files = (
			);
			runOnlyForDeploymentPostprocessing = 0;
		};
		15A532182CA67FA6000120C5 /* Sources */ = {
			isa = PBXSourcesBuildPhase;
			buildActionMask = 2147483647;
			files = (
			);
			runOnlyForDeploymentPostprocessing = 0;
		};
		15A532222CA67FA6000120C5 /* Sources */ = {
			isa = PBXSourcesBuildPhase;
			buildActionMask = 2147483647;
			files = (
			);
			runOnlyForDeploymentPostprocessing = 0;
		};
/* End PBXSourcesBuildPhase section */

/* Begin PBXTargetDependency section */
		15A5321E2CA67FA6000120C5 /* PBXTargetDependency */ = {
			isa = PBXTargetDependency;
			target = 15A5320B2CA67FA4000120C5 /* md_swift_practice */;
			targetProxy = 15A5321D2CA67FA6000120C5 /* PBXContainerItemProxy */;
		};
		15A532282CA67FA6000120C5 /* PBXTargetDependency */ = {
			isa = PBXTargetDependency;
			target = 15A5320B2CA67FA4000120C5 /* md_swift_practice */;
			targetProxy = 15A532272CA67FA6000120C5 /* PBXContainerItemProxy */;
		};
/* End PBXTargetDependency section */

/* Begin XCBuildConfiguration section */
		15A5322E2CA67FA6000120C5 /* Debug */ = {
			isa = XCBuildConfiguration;
			buildSettings = {
				ALWAYS_SEARCH_USER_PATHS = NO;
				ASSETCATALOG_COMPILER_GENERATE_SWIFT_ASSET_SYMBOL_EXTENSIONS = YES;
				CLANG_ANALYZER_NONNULL = YES;
				CLANG_ANALYZER_NUMBER_OBJECT_CONVERSION = YES_AGGRESSIVE;
				CLANG_CXX_LANGUAGE_STANDARD = "gnu++20";
				CLANG_ENABLE_MODULES = YES;
				CLANG_ENABLE_OBJC_ARC = YES;
				CLANG_ENABLE_OBJC_WEAK = YES;
				CLANG_WARN_BLOCK_CAPTURE_AUTORELEASING = YES;
				CLANG_WARN_BOOL_CONVERSION = YES;
				CLANG_WARN_COMMA = YES;
				CLANG_WARN_CONSTANT_CONVERSION = YES;
				CLANG_WARN_DEPRECATED_OBJC_IMPLEMENTATIONS = YES;
				CLANG_WARN_DIRECT_OBJC_ISA_USAGE = YES_ERROR;
				CLANG_WARN_DOCUMENTATION_COMMENTS = YES;
				CLANG_WARN_EMPTY_BODY = YES;
				CLANG_WARN_ENUM_CONVERSION = YES;
				CLANG_WARN_INFINITE_RECURSION = YES;
				CLANG_WARN_INT_CONVERSION = YES;
				CLANG_WARN_NON_LITERAL_NULL_CONVERSION = YES;
				CLANG_WARN_OBJC_IMPLICIT_RETAIN_SELF = YES;
				CLANG_WARN_OBJC_LITERAL_CONVERSION = YES;
				CLANG_WARN_OBJC_ROOT_CLASS = YES_ERROR;
				CLANG_WARN_QUOTED_INCLUDE_IN_FRAMEWORK_HEADER = YES;
				CLANG_WARN_RANGE_LOOP_ANALYSIS = YES;
				CLANG_WARN_STRICT_PROTOTYPES = YES;
				CLANG_WARN_SUSPICIOUS_MOVE = YES;
				CLANG_WARN_UNGUARDED_AVAILABILITY = YES_AGGRESSIVE;
				CLANG_WARN_UNREACHABLE_CODE = YES;
				CLANG_WARN__DUPLICATE_METHOD_MATCH = YES;
				COPY_PHASE_STRIP = NO;
				DEBUG_INFORMATION_FORMAT = dwarf;
				ENABLE_STRICT_OBJC_MSGSEND = YES;
				ENABLE_TESTABILITY = YES;
				ENABLE_USER_SCRIPT_SANDBOXING = YES;
				GCC_C_LANGUAGE_STANDARD = gnu17;
				GCC_DYNAMIC_NO_PIC = NO;
				GCC_NO_COMMON_BLOCKS = YES;
				GCC_OPTIMIZATION_LEVEL = 0;
				GCC_PREPROCESSOR_DEFINITIONS = (
					"DEBUG=1",
					"$(inherited)",
				);
				GCC_WARN_64_TO_32_BIT_CONVERSION = YES;
				GCC_WARN_ABOUT_RETURN_TYPE = YES_ERROR;
				GCC_WARN_UNDECLARED_SELECTOR = YES;
				GCC_WARN_UNINITIALIZED_AUTOS = YES_AGGRESSIVE;
				GCC_WARN_UNUSED_FUNCTION = YES;
				GCC_WARN_UNUSED_VARIABLE = YES;
				IPHONEOS_DEPLOYMENT_TARGET = 18.0;
				LOCALIZATION_PREFERS_STRING_CATALOGS = YES;
				MTL_ENABLE_DEBUG_INFO = INCLUDE_SOURCE;
				MTL_FAST_MATH = YES;
				ONLY_ACTIVE_ARCH = YES;
				SDKROOT = iphoneos;
				SWIFT_ACTIVE_COMPILATION_CONDITIONS = "DEBUG $(inherited)";
				SWIFT_OPTIMIZATION_LEVEL = "-Onone";
			};
			name = Debug;
		};
		15A5322F2CA67FA6000120C5 /* Release */ = {
			isa = XCBuildConfiguration;
			buildSettings = {
				ALWAYS_SEARCH_USER_PATHS = NO;
				ASSETCATALOG_COMPILER_GENERATE_SWIFT_ASSET_SYMBOL_EXTENSIONS = YES;
				CLANG_ANALYZER_NONNULL = YES;
				CLANG_ANALYZER_NUMBER_OBJECT_CONVERSION = YES_AGGRESSIVE;
				CLANG_CXX_LANGUAGE_STANDARD = "gnu++20";
				CLANG_ENABLE_MODULES = YES;
				CLANG_ENABLE_OBJC_ARC = YES;
				CLANG_ENABLE_OBJC_WEAK = YES;
				CLANG_WARN_BLOCK_CAPTURE_AUTORELEASING = YES;
				CLANG_WARN_BOOL_CONVERSION = YES;
				CLANG_WARN_COMMA = YES;
				CLANG_WARN_CONSTANT_CONVERSION = YES;
				CLANG_WARN_DEPRECATED_OBJC_IMPLEMENTATIONS = YES;
				CLANG_WARN_DIRECT_OBJC_ISA_USAGE = YES_ERROR;
				CLANG_WARN_DOCUMENTATION_COMMENTS = YES;
				CLANG_WARN_EMPTY_BODY = YES;
				CLANG_WARN_ENUM_CONVERSION = YES;
				CLANG_WARN_INFINITE_RECURSION = YES;
				CLANG_WARN_INT_CONVERSION = YES;
				CLANG_WARN_NON_LITERAL_NULL_CONVERSION = YES;
				CLANG_WARN_OBJC_IMPLICIT_RETAIN_SELF = YES;
				CLANG_WARN_OBJC_LITERAL_CONVERSION = YES;
				CLANG_WARN_OBJC_ROOT_CLASS = YES_ERROR;
				CLANG_WARN_QUOTED_INCLUDE_IN_FRAMEWORK_HEADER = YES;
				CLANG_WARN_RANGE_LOOP_ANALYSIS = YES;
				CLANG_WARN_STRICT_PROTOTYPES = YES;
				CLANG_WARN_SUSPICIOUS_MOVE = YES;
				CLANG_WARN_UNGUARDED_AVAILABILITY = YES_AGGRESSIVE;
				CLANG_WARN_UNREACHABLE_CODE = YES;
				CLANG_WARN__DUPLICATE_METHOD_MATCH = YES;
				COPY_PHASE_STRIP = NO;
				DEBUG_INFORMATION_FORMAT = "dwarf-with-dsym";
				ENABLE_NS_ASSERTIONS = NO;
				ENABLE_STRICT_OBJC_MSGSEND = YES;
				ENABLE_USER_SCRIPT_SANDBOXING = YES;
				GCC_C_LANGUAGE_STANDARD = gnu17;
				GCC_NO_COMMON_BLOCKS = YES;
				GCC_WARN_64_TO_32_BIT_CONVERSION = YES;
				GCC_WARN_ABOUT_RETURN_TYPE = YES_ERROR;
				GCC_WARN_UNDECLARED_SELECTOR = YES;
				GCC_WARN_UNINITIALIZED_AUTOS = YES_AGGRESSIVE;
				GCC_WARN_UNUSED_FUNCTION = YES;
				GCC_WARN_UNUSED_VARIABLE = YES;
				IPHONEOS_DEPLOYMENT_TARGET = 18.0;
				LOCALIZATION_PREFERS_STRING_CATALOGS = YES;
				MTL_ENABLE_DEBUG_INFO = NO;
				MTL_FAST_MATH = YES;
				SDKROOT = iphoneos;
				SWIFT_COMPILATION_MODE = wholemodule;
				VALIDATE_PRODUCT = YES;
			};
			name = Release;
		};
		15A532312CA67FA6000120C5 /* Debug */ = {
			isa = XCBuildConfiguration;
			buildSettings = {
				ASSETCATALOG_COMPILER_APPICON_NAME = AppIcon;
				ASSETCATALOG_COMPILER_GLOBAL_ACCENT_COLOR_NAME = AccentColor;
				CODE_SIGN_STYLE = Automatic;
				CURRENT_PROJECT_VERSION = 1;
				DEVELOPMENT_ASSET_PATHS = "\"md_swift_practice/Preview Content\"";
				DEVELOPMENT_TEAM = 6MJU3G44UL;
				ENABLE_PREVIEWS = YES;
				GENERATE_INFOPLIST_FILE = YES;
				INFOPLIST_KEY_UIApplicationSceneManifest_Generation = YES;
				INFOPLIST_KEY_UIApplicationSupportsIndirectInputEvents = YES;
				INFOPLIST_KEY_UILaunchScreen_Generation = YES;
				INFOPLIST_KEY_UISupportedInterfaceOrientations_iPad = "UIInterfaceOrientationPortrait UIInterfaceOrientationPortraitUpsideDown UIInterfaceOrientationLandscapeLeft UIInterfaceOrientationLandscapeRight";
				INFOPLIST_KEY_UISupportedInterfaceOrientations_iPhone = "UIInterfaceOrientationPortrait UIInterfaceOrientationLandscapeLeft UIInterfaceOrientationLandscapeRight";
				LD_RUNPATH_SEARCH_PATHS = (
					"$(inherited)",
					"@executable_path/Frameworks",
				);
				MARKETING_VERSION = 1.0;
				PRODUCT_BUNDLE_IDENTIFIER = "jesusBarraza.md-swift-practice";
				PRODUCT_NAME = "$(TARGET_NAME)";
				SWIFT_EMIT_LOC_STRINGS = YES;
				SWIFT_VERSION = 5.0;
				TARGETED_DEVICE_FAMILY = "1,2";
			};
			name = Debug;
		};
		15A532322CA67FA6000120C5 /* Release */ = {
			isa = XCBuildConfiguration;
			buildSettings = {
				ASSETCATALOG_COMPILER_APPICON_NAME = AppIcon;
				ASSETCATALOG_COMPILER_GLOBAL_ACCENT_COLOR_NAME = AccentColor;
				CODE_SIGN_STYLE = Automatic;
				CURRENT_PROJECT_VERSION = 1;
				DEVELOPMENT_ASSET_PATHS = "\"md_swift_practice/Preview Content\"";
				DEVELOPMENT_TEAM = 6MJU3G44UL;
				ENABLE_PREVIEWS = YES;
				GENERATE_INFOPLIST_FILE = YES;
				INFOPLIST_KEY_UIApplicationSceneManifest_Generation = YES;
				INFOPLIST_KEY_UIApplicationSupportsIndirectInputEvents = YES;
				INFOPLIST_KEY_UILaunchScreen_Generation = YES;
				INFOPLIST_KEY_UISupportedInterfaceOrientations_iPad = "UIInterfaceOrientationPortrait UIInterfaceOrientationPortraitUpsideDown UIInterfaceOrientationLandscapeLeft UIInterfaceOrientationLandscapeRight";
				INFOPLIST_KEY_UISupportedInterfaceOrientations_iPhone = "UIInterfaceOrientationPortrait UIInterfaceOrientationLandscapeLeft UIInterfaceOrientationLandscapeRight";
				LD_RUNPATH_SEARCH_PATHS = (
					"$(inherited)",
					"@executable_path/Frameworks",
				);
				MARKETING_VERSION = 1.0;
				PRODUCT_BUNDLE_IDENTIFIER = "jesusBarraza.md-swift-practice";
				PRODUCT_NAME = "$(TARGET_NAME)";
				SWIFT_EMIT_LOC_STRINGS = YES;
				SWIFT_VERSION = 5.0;
				TARGETED_DEVICE_FAMILY = "1,2";
			};
			name = Release;
		};
		15A532342CA67FA6000120C5 /* Debug */ = {
			isa = XCBuildConfiguration;
			buildSettings = {
				BUNDLE_LOADER = "$(TEST_HOST)";
				CODE_SIGN_STYLE = Automatic;
				CURRENT_PROJECT_VERSION = 1;
				DEVELOPMENT_TEAM = 6MJU3G44UL;
				GENERATE_INFOPLIST_FILE = YES;
				IPHONEOS_DEPLOYMENT_TARGET = 18.0;
				MARKETING_VERSION = 1.0;
				PRODUCT_BUNDLE_IDENTIFIER = "jesusBarraza.md-swift-practiceTests";
				PRODUCT_NAME = "$(TARGET_NAME)";
				SWIFT_EMIT_LOC_STRINGS = NO;
				SWIFT_VERSION = 5.0;
				TARGETED_DEVICE_FAMILY = "1,2";
				TEST_HOST = "$(BUILT_PRODUCTS_DIR)/md_swift_practice.app/$(BUNDLE_EXECUTABLE_FOLDER_PATH)/md_swift_practice";
			};
			name = Debug;
		};
		15A532352CA67FA6000120C5 /* Release */ = {
			isa = XCBuildConfiguration;
			buildSettings = {
				BUNDLE_LOADER = "$(TEST_HOST)";
				CODE_SIGN_STYLE = Automatic;
				CURRENT_PROJECT_VERSION = 1;
				DEVELOPMENT_TEAM = 6MJU3G44UL;
				GENERATE_INFOPLIST_FILE = YES;
				IPHONEOS_DEPLOYMENT_TARGET = 18.0;
				MARKETING_VERSION = 1.0;
				PRODUCT_BUNDLE_IDENTIFIER = "jesusBarraza.md-swift-practiceTests";
				PRODUCT_NAME = "$(TARGET_NAME)";
				SWIFT_EMIT_LOC_STRINGS = NO;
				SWIFT_VERSION = 5.0;
				TARGETED_DEVICE_FAMILY = "1,2";
				TEST_HOST = "$(BUILT_PRODUCTS_DIR)/md_swift_practice.app/$(BUNDLE_EXECUTABLE_FOLDER_PATH)/md_swift_practice";
			};
			name = Release;
		};
		15A532372CA67FA6000120C5 /* Debug */ = {
			isa = XCBuildConfiguration;
			buildSettings = {
				CODE_SIGN_STYLE = Automatic;
				CURRENT_PROJECT_VERSION = 1;
				DEVELOPMENT_TEAM = 6MJU3G44UL;
				GENERATE_INFOPLIST_FILE = YES;
				MARKETING_VERSION = 1.0;
				PRODUCT_BUNDLE_IDENTIFIER = "jesusBarraza.md-swift-practiceUITests";
				PRODUCT_NAME = "$(TARGET_NAME)";
				SWIFT_EMIT_LOC_STRINGS = NO;
				SWIFT_VERSION = 5.0;
				TARGETED_DEVICE_FAMILY = "1,2";
				TEST_TARGET_NAME = md_swift_practice;
			};
			name = Debug;
		};
		15A532382CA67FA6000120C5 /* Release */ = {
			isa = XCBuildConfiguration;
			buildSettings = {
				CODE_SIGN_STYLE = Automatic;
				CURRENT_PROJECT_VERSION = 1;
				DEVELOPMENT_TEAM = 6MJU3G44UL;
				GENERATE_INFOPLIST_FILE = YES;
				MARKETING_VERSION = 1.0;
				PRODUCT_BUNDLE_IDENTIFIER = "jesusBarraza.md-swift-practiceUITests";
				PRODUCT_NAME = "$(TARGET_NAME)";
				SWIFT_EMIT_LOC_STRINGS = NO;
				SWIFT_VERSION = 5.0;
				TARGETED_DEVICE_FAMILY = "1,2";
				TEST_TARGET_NAME = md_swift_practice;
			};
			name = Release;
		};
/* End XCBuildConfiguration section */

/* Begin XCConfigurationList section */
		15A532072CA67FA4000120C5 /* Build configuration list for PBXProject "md_swift_practice" */ = {
			isa = XCConfigurationList;
			buildConfigurations = (
				15A5322E2CA67FA6000120C5 /* Debug */,
				15A5322F2CA67FA6000120C5 /* Release */,
			);
			defaultConfigurationIsVisible = 0;
			defaultConfigurationName = Release;
		};
		15A532302CA67FA6000120C5 /* Build configuration list for PBXNativeTarget "md_swift_practice" */ = {
			isa = XCConfigurationList;
			buildConfigurations = (
				15A532312CA67FA6000120C5 /* Debug */,
				15A532322CA67FA6000120C5 /* Release */,
			);
			defaultConfigurationIsVisible = 0;
			defaultConfigurationName = Release;
		};
		15A532332CA67FA6000120C5 /* Build configuration list for PBXNativeTarget "md_swift_practiceTests" */ = {
			isa = XCConfigurationList;
			buildConfigurations = (
				15A532342CA67FA6000120C5 /* Debug */,
				15A532352CA67FA6000120C5 /* Release */,
			);
			defaultConfigurationIsVisible = 0;
			defaultConfigurationName = Release;
		};
		15A532362CA67FA6000120C5 /* Build configuration list for PBXNativeTarget "md_swift_practiceUITests" */ = {
			isa = XCConfigurationList;
			buildConfigurations = (
				15A532372CA67FA6000120C5 /* Debug */,
				15A532382CA67FA6000120C5 /* Release */,
			);
			defaultConfigurationIsVisible = 0;
			defaultConfigurationName = Release;
		};
/* End XCConfigurationList section */
	};
	rootObject = 15A532042CA67FA4000120C5 /* Project object */;
}
